// !$*UTF8*$!
{
	archiveVersion = 1;
	classes = {
	};
	objectVersion = 55;
	objects = {

/* Begin PBXBuildFile section */
		A73CFFA6270219800056F7CB /* TwoPlayerGameApp.swift in Sources */ = {isa = PBXBuildFile; fileRef = A73CFFA5270219800056F7CB /* TwoPlayerGameApp.swift */; };
		A73CFFA8270219800056F7CB /* ContentView.swift in Sources */ = {isa = PBXBuildFile; fileRef = A73CFFA7270219800056F7CB /* ContentView.swift */; };
		A73CFFAA270219810056F7CB /* Assets.xcassets in Resources */ = {isa = PBXBuildFile; fileRef = A73CFFA9270219810056F7CB /* Assets.xcassets */; };
		A73CFFAD270219810056F7CB /* Preview Assets.xcassets in Resources */ = {isa = PBXBuildFile; fileRef = A73CFFAC270219810056F7CB /* Preview Assets.xcassets */; };
		A73CFFB7270219E90056F7CB /* MainStateMachine.swift in Sources */ = {isa = PBXBuildFile; fileRef = A73CFFB6270219E90056F7CB /* MainStateMachine.swift */; };
		A73CFFBA27021AD60056F7CB /* StartState.swift in Sources */ = {isa = PBXBuildFile; fileRef = A73CFFB927021AD60056F7CB /* StartState.swift */; };
		A73CFFBC27021C280056F7CB /* SpielenState.swift in Sources */ = {isa = PBXBuildFile; fileRef = A73CFFBB27021C280056F7CB /* SpielenState.swift */; };
		A73CFFBE27021C450056F7CB /* ErgebnisState.swift in Sources */ = {isa = PBXBuildFile; fileRef = A73CFFBD27021C450056F7CB /* ErgebnisState.swift */; };
		A73CFFC027021D640056F7CB /* GameModel.swift in Sources */ = {isa = PBXBuildFile; fileRef = A73CFFBF27021D640056F7CB /* GameModel.swift */; };
		A73CFFC227021E710056F7CB /* StartView.swift in Sources */ = {isa = PBXBuildFile; fileRef = A73CFFC127021E710056F7CB /* StartView.swift */; };
		A73CFFC4270227130056F7CB /* SpielenView.swift in Sources */ = {isa = PBXBuildFile; fileRef = A73CFFC3270227130056F7CB /* SpielenView.swift */; };
		A73CFFC62702289C0056F7CB /* ErgebnisView.swift in Sources */ = {isa = PBXBuildFile; fileRef = A73CFFC52702289C0056F7CB /* ErgebnisView.swift */; };
		A73CFFC827022A5A0056F7CB /* SpielenStateMachine.swift in Sources */ = {isa = PBXBuildFile; fileRef = A73CFFC727022A5A0056F7CB /* SpielenStateMachine.swift */; };
		A73CFFCA27022D290056F7CB /* ZahlWaehlenState.swift in Sources */ = {isa = PBXBuildFile; fileRef = A73CFFC927022D290056F7CB /* ZahlWaehlenState.swift */; };
		A73CFFCC27022D500056F7CB /* WaffeWaehlenState.swift in Sources */ = {isa = PBXBuildFile; fileRef = A73CFFCB27022D4F0056F7CB /* WaffeWaehlenState.swift */; };
		A73CFFCE27022D5D0056F7CB /* RundeBeendenState.swift in Sources */ = {isa = PBXBuildFile; fileRef = A73CFFCD27022D5D0056F7CB /* RundeBeendenState.swift */; };
		A73CFFD027022FFC0056F7CB /* ZahlWaehlenView.swift in Sources */ = {isa = PBXBuildFile; fileRef = A73CFFCF27022FFC0056F7CB /* ZahlWaehlenView.swift */; };
		A73CFFD22702300A0056F7CB /* WaffeWaehlenView.swift in Sources */ = {isa = PBXBuildFile; fileRef = A73CFFD12702300A0056F7CB /* WaffeWaehlenView.swift */; };
		A7FC9C4327025700005975F5 /* GameStateMachine.swift in Sources */ = {isa = PBXBuildFile; fileRef = A7FC9C4227025700005975F5 /* GameStateMachine.swift */; };
/* End PBXBuildFile section */

/* Begin PBXFileReference section */
		A73CFFA22702197F0056F7CB /* TwoPlayerGame.app */ = {isa = PBXFileReference; explicitFileType = wrapper.application; includeInIndex = 0; path = TwoPlayerGame.app; sourceTree = BUILT_PRODUCTS_DIR; };
		A73CFFA5270219800056F7CB /* TwoPlayerGameApp.swift */ = {isa = PBXFileReference; lastKnownFileType = sourcecode.swift; path = TwoPlayerGameApp.swift; sourceTree = "<group>"; };
		A73CFFA7270219800056F7CB /* ContentView.swift */ = {isa = PBXFileReference; lastKnownFileType = sourcecode.swift; path = ContentView.swift; sourceTree = "<group>"; };
		A73CFFA9270219810056F7CB /* Assets.xcassets */ = {isa = PBXFileReference; lastKnownFileType = folder.assetcatalog; path = Assets.xcassets; sourceTree = "<group>"; };
		A73CFFAC270219810056F7CB /* Preview Assets.xcassets */ = {isa = PBXFileReference; lastKnownFileType = folder.assetcatalog; path = "Preview Assets.xcassets"; sourceTree = "<group>"; };
		A73CFFB6270219E90056F7CB /* MainStateMachine.swift */ = {isa = PBXFileReference; lastKnownFileType = sourcecode.swift; path = MainStateMachine.swift; sourceTree = "<group>"; };
		A73CFFB927021AD60056F7CB /* StartState.swift */ = {isa = PBXFileReference; lastKnownFileType = sourcecode.swift; path = StartState.swift; sourceTree = "<group>"; };
		A73CFFBB27021C280056F7CB /* SpielenState.swift */ = {isa = PBXFileReference; lastKnownFileType = sourcecode.swift; path = SpielenState.swift; sourceTree = "<group>"; };
		A73CFFBD27021C450056F7CB /* ErgebnisState.swift */ = {isa = PBXFileReference; lastKnownFileType = sourcecode.swift; path = ErgebnisState.swift; sourceTree = "<group>"; };
		A73CFFBF27021D640056F7CB /* GameModel.swift */ = {isa = PBXFileReference; lastKnownFileType = sourcecode.swift; path = GameModel.swift; sourceTree = "<group>"; };
		A73CFFC127021E710056F7CB /* StartView.swift */ = {isa = PBXFileReference; lastKnownFileType = sourcecode.swift; path = StartView.swift; sourceTree = "<group>"; };
		A73CFFC3270227130056F7CB /* SpielenView.swift */ = {isa = PBXFileReference; lastKnownFileType = sourcecode.swift; path = SpielenView.swift; sourceTree = "<group>"; };
		A73CFFC52702289C0056F7CB /* ErgebnisView.swift */ = {isa = PBXFileReference; lastKnownFileType = sourcecode.swift; path = ErgebnisView.swift; sourceTree = "<group>"; };
		A73CFFC727022A5A0056F7CB /* SpielenStateMachine.swift */ = {isa = PBXFileReference; lastKnownFileType = sourcecode.swift; path = SpielenStateMachine.swift; sourceTree = "<group>"; };
		A73CFFC927022D290056F7CB /* ZahlWaehlenState.swift */ = {isa = PBXFileReference; lastKnownFileType = sourcecode.swift; path = ZahlWaehlenState.swift; sourceTree = "<group>"; };
		A73CFFCB27022D4F0056F7CB /* WaffeWaehlenState.swift */ = {isa = PBXFileReference; lastKnownFileType = sourcecode.swift; path = WaffeWaehlenState.swift; sourceTree = "<group>"; };
		A73CFFCD27022D5D0056F7CB /* RundeBeendenState.swift */ = {isa = PBXFileReference; lastKnownFileType = sourcecode.swift; path = RundeBeendenState.swift; sourceTree = "<group>"; };
		A73CFFCF27022FFC0056F7CB /* ZahlWaehlenView.swift */ = {isa = PBXFileReference; lastKnownFileType = sourcecode.swift; path = ZahlWaehlenView.swift; sourceTree = "<group>"; };
		A73CFFD12702300A0056F7CB /* WaffeWaehlenView.swift */ = {isa = PBXFileReference; lastKnownFileType = sourcecode.swift; path = WaffeWaehlenView.swift; sourceTree = "<group>"; };
		A7FC9C4227025700005975F5 /* GameStateMachine.swift */ = {isa = PBXFileReference; lastKnownFileType = sourcecode.swift; path = GameStateMachine.swift; sourceTree = "<group>"; };
/* End PBXFileReference section */

/* Begin PBXFrameworksBuildPhase section */
		A73CFF9F2702197F0056F7CB /* Frameworks */ = {
			isa = PBXFrameworksBuildPhase;
			buildActionMask = 2147483647;
			files = (
			);
			runOnlyForDeploymentPostprocessing = 0;
		};
/* End PBXFrameworksBuildPhase section */

/* Begin PBXGroup section */
		A73CFF992702197F0056F7CB = {
			isa = PBXGroup;
			children = (
				A73CFFA42702197F0056F7CB /* TwoPlayerGame */,
				A73CFFA32702197F0056F7CB /* Products */,
			);
			sourceTree = "<group>";
		};
		A73CFFA32702197F0056F7CB /* Products */ = {
			isa = PBXGroup;
			children = (
				A73CFFA22702197F0056F7CB /* TwoPlayerGame.app */,
			);
			name = Products;
			sourceTree = "<group>";
		};
		A73CFFA42702197F0056F7CB /* TwoPlayerGame */ = {
			isa = PBXGroup;
			children = (
				A73CFFB5270219AF0056F7CB /* Views */,
				A73CFFB4270219A00056F7CB /* StateMachine */,
				A73CFFB3270219920056F7CB /* GameModel */,
				A73CFFA5270219800056F7CB /* TwoPlayerGameApp.swift */,
				A73CFFA7270219800056F7CB /* ContentView.swift */,
				A73CFFA9270219810056F7CB /* Assets.xcassets */,
				A73CFFAB270219810056F7CB /* Preview Content */,
			);
			path = TwoPlayerGame;
			sourceTree = "<group>";
		};
		A73CFFAB270219810056F7CB /* Preview Content */ = {
			isa = PBXGroup;
			children = (
				A73CFFAC270219810056F7CB /* Preview Assets.xcassets */,
			);
			path = "Preview Content";
			sourceTree = "<group>";
		};
		A73CFFB3270219920056F7CB /* GameModel */ = {
			isa = PBXGroup;
			children = (
				A73CFFBF27021D640056F7CB /* GameModel.swift */,
			);
			path = GameModel;
			sourceTree = "<group>";
		};
		A73CFFB4270219A00056F7CB /* StateMachine */ = {
			isa = PBXGroup;
			children = (
				A7FC9C4227025700005975F5 /* GameStateMachine.swift */,
				A73CFFB6270219E90056F7CB /* MainStateMachine.swift */,
				A73CFFC727022A5A0056F7CB /* SpielenStateMachine.swift */,
				A73CFFB827021AB70056F7CB /* States */,
			);
			path = StateMachine;
			sourceTree = "<group>";
		};
		A73CFFB5270219AF0056F7CB /* Views */ = {
			isa = PBXGroup;
			children = (
				A73CFFC127021E710056F7CB /* StartView.swift */,
				A73CFFC3270227130056F7CB /* SpielenView.swift */,
				A73CFFC52702289C0056F7CB /* ErgebnisView.swift */,
				A73CFFCF27022FFC0056F7CB /* ZahlWaehlenView.swift */,
				A73CFFD12702300A0056F7CB /* WaffeWaehlenView.swift */,
			);
			path = Views;
			sourceTree = "<group>";
		};
		A73CFFB827021AB70056F7CB /* States */ = {
			isa = PBXGroup;
			children = (
				A73CFFB927021AD60056F7CB /* StartState.swift */,
				A73CFFBB27021C280056F7CB /* SpielenState.swift */,
				A73CFFBD27021C450056F7CB /* ErgebnisState.swift */,
				A73CFFC927022D290056F7CB /* ZahlWaehlenState.swift */,
				A73CFFCB27022D4F0056F7CB /* WaffeWaehlenState.swift */,
				A73CFFCD27022D5D0056F7CB /* RundeBeendenState.swift */,
			);
			path = States;
			sourceTree = "<group>";
		};
/* End PBXGroup section */

/* Begin PBXNativeTarget section */
		A73CFFA12702197F0056F7CB /* TwoPlayerGame */ = {
			isa = PBXNativeTarget;
			buildConfigurationList = A73CFFB0270219810056F7CB /* Build configuration list for PBXNativeTarget "TwoPlayerGame" */;
			buildPhases = (
				A73CFF9E2702197F0056F7CB /* Sources */,
				A73CFF9F2702197F0056F7CB /* Frameworks */,
				A73CFFA02702197F0056F7CB /* Resources */,
			);
			buildRules = (
			);
			dependencies = (
			);
			name = TwoPlayerGame;
			productName = TwoPlayerGame;
			productReference = A73CFFA22702197F0056F7CB /* TwoPlayerGame.app */;
			productType = "com.apple.product-type.application";
		};
/* End PBXNativeTarget section */

/* Begin PBXProject section */
		A73CFF9A2702197F0056F7CB /* Project object */ = {
			isa = PBXProject;
			attributes = {
				BuildIndependentTargetsInParallel = 1;
				LastSwiftUpdateCheck = 1300;
				LastUpgradeCheck = 1300;
				TargetAttributes = {
					A73CFFA12702197F0056F7CB = {
						CreatedOnToolsVersion = 13.0;
					};
				};
			};
			buildConfigurationList = A73CFF9D2702197F0056F7CB /* Build configuration list for PBXProject "TwoPlayerGame" */;
			compatibilityVersion = "Xcode 13.0";
			developmentRegion = en;
			hasScannedForEncodings = 0;
			knownRegions = (
				en,
				Base,
			);
			mainGroup = A73CFF992702197F0056F7CB;
			productRefGroup = A73CFFA32702197F0056F7CB /* Products */;
			projectDirPath = "";
			projectRoot = "";
			targets = (
				A73CFFA12702197F0056F7CB /* TwoPlayerGame */,
			);
		};
/* End PBXProject section */

/* Begin PBXResourcesBuildPhase section */
		A73CFFA02702197F0056F7CB /* Resources */ = {
			isa = PBXResourcesBuildPhase;
			buildActionMask = 2147483647;
			files = (
				A73CFFAD270219810056F7CB /* Preview Assets.xcassets in Resources */,
				A73CFFAA270219810056F7CB /* Assets.xcassets in Resources */,
			);
			runOnlyForDeploymentPostprocessing = 0;
		};
/* End PBXResourcesBuildPhase section */

/* Begin PBXSourcesBuildPhase section */
		A73CFF9E2702197F0056F7CB /* Sources */ = {
			isa = PBXSourcesBuildPhase;
			buildActionMask = 2147483647;
			files = (
				A73CFFBC27021C280056F7CB /* SpielenState.swift in Sources */,
				A73CFFC827022A5A0056F7CB /* SpielenStateMachine.swift in Sources */,
				A73CFFCC27022D500056F7CB /* WaffeWaehlenState.swift in Sources */,
				A73CFFA8270219800056F7CB /* ContentView.swift in Sources */,
				A73CFFB7270219E90056F7CB /* MainStateMachine.swift in Sources */,
				A73CFFC227021E710056F7CB /* StartView.swift in Sources */,
				A73CFFD027022FFC0056F7CB /* ZahlWaehlenView.swift in Sources */,
				A7FC9C4327025700005975F5 /* GameStateMachine.swift in Sources */,
				A73CFFCA27022D290056F7CB /* ZahlWaehlenState.swift in Sources */,
				A73CFFBA27021AD60056F7CB /* StartState.swift in Sources */,
				A73CFFD22702300A0056F7CB /* WaffeWaehlenView.swift in Sources */,
				A73CFFC62702289C0056F7CB /* ErgebnisView.swift in Sources */,
				A73CFFBE27021C450056F7CB /* ErgebnisState.swift in Sources */,
				A73CFFC027021D640056F7CB /* GameModel.swift in Sources */,
				A73CFFC4270227130056F7CB /* SpielenView.swift in Sources */,
				A73CFFCE27022D5D0056F7CB /* RundeBeendenState.swift in Sources */,
				A73CFFA6270219800056F7CB /* TwoPlayerGameApp.swift in Sources */,
			);
			runOnlyForDeploymentPostprocessing = 0;
		};
/* End PBXSourcesBuildPhase section */

/* Begin XCBuildConfiguration section */
		A73CFFAE270219810056F7CB /* Debug */ = {
			isa = XCBuildConfiguration;
			buildSettings = {
				ALWAYS_SEARCH_USER_PATHS = NO;
				CLANG_ANALYZER_NONNULL = YES;
				CLANG_ANALYZER_NUMBER_OBJECT_CONVERSION = YES_AGGRESSIVE;
				CLANG_CXX_LANGUAGE_STANDARD = "gnu++17";
				CLANG_CXX_LIBRARY = "libc++";
				CLANG_ENABLE_MODULES = YES;
				CLANG_ENABLE_OBJC_ARC = YES;
				CLANG_ENABLE_OBJC_WEAK = YES;
				CLANG_WARN_BLOCK_CAPTURE_AUTORELEASING = YES;
				CLANG_WARN_BOOL_CONVERSION = YES;
				CLANG_WARN_COMMA = YES;
				CLANG_WARN_CONSTANT_CONVERSION = YES;
				CLANG_WARN_DEPRECATED_OBJC_IMPLEMENTATIONS = YES;
				CLANG_WARN_DIRECT_OBJC_ISA_USAGE = YES_ERROR;
				CLANG_WARN_DOCUMENTATION_COMMENTS = YES;
				CLANG_WARN_EMPTY_BODY = YES;
				CLANG_WARN_ENUM_CONVERSION = YES;
				CLANG_WARN_INFINITE_RECURSION = YES;
				CLANG_WARN_INT_CONVERSION = YES;
				CLANG_WARN_NON_LITERAL_NULL_CONVERSION = YES;
				CLANG_WARN_OBJC_IMPLICIT_RETAIN_SELF = YES;
				CLANG_WARN_OBJC_LITERAL_CONVERSION = YES;
				CLANG_WARN_OBJC_ROOT_CLASS = YES_ERROR;
				CLANG_WARN_QUOTED_INCLUDE_IN_FRAMEWORK_HEADER = YES;
				CLANG_WARN_RANGE_LOOP_ANALYSIS = YES;
				CLANG_WARN_STRICT_PROTOTYPES = YES;
				CLANG_WARN_SUSPICIOUS_MOVE = YES;
				CLANG_WARN_UNGUARDED_AVAILABILITY = YES_AGGRESSIVE;
				CLANG_WARN_UNREACHABLE_CODE = YES;
				CLANG_WARN__DUPLICATE_METHOD_MATCH = YES;
				COPY_PHASE_STRIP = NO;
				DEBUG_INFORMATION_FORMAT = dwarf;
				ENABLE_STRICT_OBJC_MSGSEND = YES;
				ENABLE_TESTABILITY = YES;
				GCC_C_LANGUAGE_STANDARD = gnu11;
				GCC_DYNAMIC_NO_PIC = NO;
				GCC_NO_COMMON_BLOCKS = YES;
				GCC_OPTIMIZATION_LEVEL = 0;
				GCC_PREPROCESSOR_DEFINITIONS = (
					"DEBUG=1",
					"$(inherited)",
				);
				GCC_WARN_64_TO_32_BIT_CONVERSION = YES;
				GCC_WARN_ABOUT_RETURN_TYPE = YES_ERROR;
				GCC_WARN_UNDECLARED_SELECTOR = YES;
				GCC_WARN_UNINITIALIZED_AUTOS = YES_AGGRESSIVE;
				GCC_WARN_UNUSED_FUNCTION = YES;
				GCC_WARN_UNUSED_VARIABLE = YES;
				IPHONEOS_DEPLOYMENT_TARGET = 15.0;
				MTL_ENABLE_DEBUG_INFO = INCLUDE_SOURCE;
				MTL_FAST_MATH = YES;
				ONLY_ACTIVE_ARCH = YES;
				SDKROOT = iphoneos;
				SWIFT_ACTIVE_COMPILATION_CONDITIONS = DEBUG;
				SWIFT_OPTIMIZATION_LEVEL = "-Onone";
			};
			name = Debug;
		};
		A73CFFAF270219810056F7CB /* Release */ = {
			isa = XCBuildConfiguration;
			buildSettings = {
				ALWAYS_SEARCH_USER_PATHS = NO;
				CLANG_ANALYZER_NONNULL = YES;
				CLANG_ANALYZER_NUMBER_OBJECT_CONVERSION = YES_AGGRESSIVE;
				CLANG_CXX_LANGUAGE_STANDARD = "gnu++17";
				CLANG_CXX_LIBRARY = "libc++";
				CLANG_ENABLE_MODULES = YES;
				CLANG_ENABLE_OBJC_ARC = YES;
				CLANG_ENABLE_OBJC_WEAK = YES;
				CLANG_WARN_BLOCK_CAPTURE_AUTORELEASING = YES;
				CLANG_WARN_BOOL_CONVERSION = YES;
				CLANG_WARN_COMMA = YES;
				CLANG_WARN_CONSTANT_CONVERSION = YES;
				CLANG_WARN_DEPRECATED_OBJC_IMPLEMENTATIONS = YES;
				CLANG_WARN_DIRECT_OBJC_ISA_USAGE = YES_ERROR;
				CLANG_WARN_DOCUMENTATION_COMMENTS = YES;
				CLANG_WARN_EMPTY_BODY = YES;
				CLANG_WARN_ENUM_CONVERSION = YES;
				CLANG_WARN_INFINITE_RECURSION = YES;
				CLANG_WARN_INT_CONVERSION = YES;
				CLANG_WARN_NON_LITERAL_NULL_CONVERSION = YES;
				CLANG_WARN_OBJC_IMPLICIT_RETAIN_SELF = YES;
				CLANG_WARN_OBJC_LITERAL_CONVERSION = YES;
				CLANG_WARN_OBJC_ROOT_CLASS = YES_ERROR;
				CLANG_WARN_QUOTED_INCLUDE_IN_FRAMEWORK_HEADER = YES;
				CLANG_WARN_RANGE_LOOP_ANALYSIS = YES;
				CLANG_WARN_STRICT_PROTOTYPES = YES;
				CLANG_WARN_SUSPICIOUS_MOVE = YES;
				CLANG_WARN_UNGUARDED_AVAILABILITY = YES_AGGRESSIVE;
				CLANG_WARN_UNREACHABLE_CODE = YES;
				CLANG_WARN__DUPLICATE_METHOD_MATCH = YES;
				COPY_PHASE_STRIP = NO;
				DEBUG_INFORMATION_FORMAT = "dwarf-with-dsym";
				ENABLE_NS_ASSERTIONS = NO;
				ENABLE_STRICT_OBJC_MSGSEND = YES;
				GCC_C_LANGUAGE_STANDARD = gnu11;
				GCC_NO_COMMON_BLOCKS = YES;
				GCC_WARN_64_TO_32_BIT_CONVERSION = YES;
				GCC_WARN_ABOUT_RETURN_TYPE = YES_ERROR;
				GCC_WARN_UNDECLARED_SELECTOR = YES;
				GCC_WARN_UNINITIALIZED_AUTOS = YES_AGGRESSIVE;
				GCC_WARN_UNUSED_FUNCTION = YES;
				GCC_WARN_UNUSED_VARIABLE = YES;
				IPHONEOS_DEPLOYMENT_TARGET = 15.0;
				MTL_ENABLE_DEBUG_INFO = NO;
				MTL_FAST_MATH = YES;
				SDKROOT = iphoneos;
				SWIFT_COMPILATION_MODE = wholemodule;
				SWIFT_OPTIMIZATION_LEVEL = "-O";
				VALIDATE_PRODUCT = YES;
			};
			name = Release;
		};
		A73CFFB1270219810056F7CB /* Debug */ = {
			isa = XCBuildConfiguration;
			buildSettings = {
				ASSETCATALOG_COMPILER_APPICON_NAME = AppIcon;
				ASSETCATALOG_COMPILER_GLOBAL_ACCENT_COLOR_NAME = AccentColor;
				CODE_SIGN_STYLE = Automatic;
				CURRENT_PROJECT_VERSION = 1;
				DEVELOPMENT_ASSET_PATHS = "\"TwoPlayerGame/Preview Content\"";
				DEVELOPMENT_TEAM = 478FZ99A8X;
				ENABLE_PREVIEWS = YES;
				GENERATE_INFOPLIST_FILE = YES;
				INFOPLIST_KEY_UIApplicationSceneManifest_Generation = YES;
				INFOPLIST_KEY_UIApplicationSupportsIndirectInputEvents = YES;
				INFOPLIST_KEY_UILaunchScreen_Generation = YES;
				INFOPLIST_KEY_UISupportedInterfaceOrientations_iPad = "UIInterfaceOrientationPortrait UIInterfaceOrientationPortraitUpsideDown UIInterfaceOrientationLandscapeLeft UIInterfaceOrientationLandscapeRight";
				INFOPLIST_KEY_UISupportedInterfaceOrientations_iPhone = "UIInterfaceOrientationPortrait UIInterfaceOrientationLandscapeLeft UIInterfaceOrientationLandscapeRight";
				IPHONEOS_DEPLOYMENT_TARGET = 14.0;
				LD_RUNPATH_SEARCH_PATHS = (
					"$(inherited)",
					"@executable_path/Frameworks",
				);
				MARKETING_VERSION = 1.0;
				PRODUCT_BUNDLE_IDENTIFIER = net.rcservices.games.TwoPlayerGame;
				PRODUCT_NAME = "$(TARGET_NAME)";
				SWIFT_EMIT_LOC_STRINGS = YES;
				SWIFT_VERSION = 5.0;
				TARGETED_DEVICE_FAMILY = "1,2";
			};
			name = Debug;
		};
		A73CFFB2270219810056F7CB /* Release */ = {
			isa = XCBuildConfiguration;
			buildSettings = {
				ASSETCATALOG_COMPILER_APPICON_NAME = AppIcon;
				ASSETCATALOG_COMPILER_GLOBAL_ACCENT_COLOR_NAME = AccentColor;
				CODE_SIGN_STYLE = Automatic;
				CURRENT_PROJECT_VERSION = 1;
				DEVELOPMENT_ASSET_PATHS = "\"TwoPlayerGame/Preview Content\"";
				DEVELOPMENT_TEAM = 478FZ99A8X;
				ENABLE_PREVIEWS = YES;
				GENERATE_INFOPLIST_FILE = YES;
				INFOPLIST_KEY_UIApplicationSceneManifest_Generation = YES;
				INFOPLIST_KEY_UIApplicationSupportsIndirectInputEvents = YES;
				INFOPLIST_KEY_UILaunchScreen_Generation = YES;
				INFOPLIST_KEY_UISupportedInterfaceOrientations_iPad = "UIInterfaceOrientationPortrait UIInterfaceOrientationPortraitUpsideDown UIInterfaceOrientationLandscapeLeft UIInterfaceOrientationLandscapeRight";
				INFOPLIST_KEY_UISupportedInterfaceOrientations_iPhone = "UIInterfaceOrientationPortrait UIInterfaceOrientationLandscapeLeft UIInterfaceOrientationLandscapeRight";
				IPHONEOS_DEPLOYMENT_TARGET = 14.0;
				LD_RUNPATH_SEARCH_PATHS = (
					"$(inherited)",
					"@executable_path/Frameworks",
				);
				MARKETING_VERSION = 1.0;
				PRODUCT_BUNDLE_IDENTIFIER = net.rcservices.games.TwoPlayerGame;
				PRODUCT_NAME = "$(TARGET_NAME)";
				SWIFT_EMIT_LOC_STRINGS = YES;
				SWIFT_VERSION = 5.0;
				TARGETED_DEVICE_FAMILY = "1,2";
			};
			name = Release;
		};
/* End XCBuildConfiguration section */

/* Begin XCConfigurationList section */
		A73CFF9D2702197F0056F7CB /* Build configuration list for PBXProject "TwoPlayerGame" */ = {
			isa = XCConfigurationList;
			buildConfigurations = (
				A73CFFAE270219810056F7CB /* Debug */,
				A73CFFAF270219810056F7CB /* Release */,
			);
			defaultConfigurationIsVisible = 0;
			defaultConfigurationName = Release;
		};
		A73CFFB0270219810056F7CB /* Build configuration list for PBXNativeTarget "TwoPlayerGame" */ = {
			isa = XCConfigurationList;
			buildConfigurations = (
				A73CFFB1270219810056F7CB /* Debug */,
				A73CFFB2270219810056F7CB /* Release */,
			);
			defaultConfigurationIsVisible = 0;
			defaultConfigurationName = Release;
		};
/* End XCConfigurationList section */
	};
	rootObject = A73CFF9A2702197F0056F7CB /* Project object */;
}
